
Microsoft Visual Studio Solution File, Format Version 12.00
# Visual Studio 2013
VisualStudioVersion = 12.0.20827.3
MinimumVisualStudioVersion = 10.0.40219.1
Project("{2150E333-8FDC-42A3-9474-1A3956D46DE8}") = "Solution Items", "Solution Items", "{C7F76CE2-D30F-4BA1-8BF2-EAD1D631362C}"
	ProjectSection(SolutionItems) = preProject
		C:\Users\Boris\AppData\Local\Microsoft\VisualStudio\12.0\Extensions\p3yomc0r.tfb\schemas\WE-Palette.css = C:\Users\Boris\AppData\Local\Microsoft\VisualStudio\12.0\Extensions\p3yomc0r.tfb\schemas\WE-Palette.css
	EndProjectSection
EndProject
Project("{FAE04EC0-301F-11D3-BF4B-00C04F79EFBC}") = "RH.Web", "RH.Web\RH.Web.csproj", "{55EDD8BD-1F3A-47B4-9026-79A2A28F602D}"
EndProject
Project("{2150E333-8FDC-42A3-9474-1A3956D46DE8}") = ".nuget", ".nuget", "{C54D1C42-DD06-4C1B-97D3-672943F6937D}"
	ProjectSection(SolutionItems) = preProject
		.nuget\NuGet.Config = .nuget\NuGet.Config
		.nuget\NuGet.exe = .nuget\NuGet.exe
		.nuget\NuGet.targets = .nuget\NuGet.targets
	EndProjectSection
EndProject
Global
	GlobalSection(SolutionConfigurationPlatforms) = preSolution
		Debug|Any CPU = Debug|Any CPU
		Release|Any CPU = Release|Any CPU
	EndGlobalSection
	GlobalSection(ProjectConfigurationPlatforms) = postSolution
		{55EDD8BD-1F3A-47B4-9026-79A2A28F602D}.Debug|Any CPU.ActiveCfg = Debug|Any CPU
		{55EDD8BD-1F3A-47B4-9026-79A2A28F602D}.Debug|Any CPU.Build.0 = Debug|Any CPU
		{55EDD8BD-1F3A-47B4-9026-79A2A28F602D}.Release|Any CPU.ActiveCfg = Release|Any CPU
		{55EDD8BD-1F3A-47B4-9026-79A2A28F602D}.Release|Any CPU.Build.0 = Release|Any CPU
	EndGlobalSection
	GlobalSection(SolutionProperties) = preSolution
		HideSolutionNode = FALSE
	EndGlobalSection
EndGlobal
